
Microsoft Visual Studio Solution File, Format Version 12.00
# Visual Studio Version 17
VisualStudioVersion = 17.4.33213.308
MinimumVisualStudioVersion = 10.0.40219.1
Project("{FAE04EC0-301F-11D3-BF4B-00C04F79EFBC}") = "EasyAttachProcess", "EasyAttachProcess.csproj", "{3E30913F-010F-49C1-9A8B-AFE6B2DA046A}"
EndProject
Global
	GlobalSection(SolutionConfigurationPlatforms) = preSolution
		Debug|Any CPU = Debug|Any CPU
		Debug|arm64 = Debug|arm64
		Debug|x86 = Debug|x86
		Release|Any CPU = Release|Any CPU
		Release|arm64 = Release|arm64
		Release|x86 = Release|x86
	EndGlobalSection
	GlobalSection(ProjectConfigurationPlatforms) = postSolution
		{3E30913F-010F-49C1-9A8B-AFE6B2DA046A}.Debug|Any CPU.ActiveCfg = Debug|Any CPU
		{3E30913F-010F-49C1-9A8B-AFE6B2DA046A}.Debug|Any CPU.Build.0 = Debug|Any CPU
		{3E30913F-010F-49C1-9A8B-AFE6B2DA046A}.Debug|arm64.ActiveCfg = Debug|arm64
		{3E30913F-010F-49C1-9A8B-AFE6B2DA046A}.Debug|arm64.Build.0 = Debug|arm64
		{3E30913F-010F-49C1-9A8B-AFE6B2DA046A}.Debug|x86.ActiveCfg = Debug|x86
		{3E30913F-010F-49C1-9A8B-AFE6B2DA046A}.Debug|x86.Build.0 = Debug|x86
		{3E30913F-010F-49C1-9A8B-AFE6B2DA046A}.Release|Any CPU.ActiveCfg = Release|Any CPU
		{3E30913F-010F-49C1-9A8B-AFE6B2DA046A}.Release|Any CPU.Build.0 = Release|Any CPU
		{3E30913F-010F-49C1-9A8B-AFE6B2DA046A}.Release|arm64.ActiveCfg = Release|arm64
		{3E30913F-010F-49C1-9A8B-AFE6B2DA046A}.Release|arm64.Build.0 = Release|arm64
		{3E30913F-010F-49C1-9A8B-AFE6B2DA046A}.Release|x86.ActiveCfg = Release|x86
		{3E30913F-010F-49C1-9A8B-AFE6B2DA046A}.Release|x86.Build.0 = Release|x86
	EndGlobalSection
	GlobalSection(SolutionProperties) = preSolution
		HideSolutionNode = FALSE
	EndGlobalSection
	GlobalSection(ExtensibilityGlobals) = postSolution
		SolutionGuid = {D723A787-915A-4150-9BDA-EACCD3CCA572}
	EndGlobalSection
EndGlobal
